
Microsoft Visual Studio Solution File, Format Version 12.00
# Visual Studio 15
VisualStudioVersion = 15.0.28307.645
MinimumVisualStudioVersion = 10.0.40219.1
Project("{9A19103F-16F7-4668-BE54-9A1E7A4F7556}") = "EchoServer", "EchoServer\EchoServer.csproj", "{FF1DD5E2-7F27-4D93-84D1-6BFC661ACDBE}"
EndProject
Project("{FAE04EC0-301F-11D3-BF4B-00C04F79EFBC}") = "Client", "Client\Client.csproj", "{8E505EB8-537C-4E1D-B6C6-4DB960955D74}"
EndProject
Global
	GlobalSection(SolutionConfigurationPlatforms) = preSolution
		Debug|Any CPU = Debug|Any CPU
		Release|Any CPU = Release|Any CPU
	EndGlobalSection
	GlobalSection(ProjectConfigurationPlatforms) = postSolution
		{FF1DD5E2-7F27-4D93-84D1-6BFC661ACDBE}.Debug|Any CPU.ActiveCfg = Debug|Any CPU
		{FF1DD5E2-7F27-4D93-84D1-6BFC661ACDBE}.Debug|Any CPU.Build.0 = Debug|Any CPU
		{FF1DD5E2-7F27-4D93-84D1-6BFC661ACDBE}.Release|Any CPU.ActiveCfg = Release|Any CPU
		{FF1DD5E2-7F27-4D93-84D1-6BFC661ACDBE}.Release|Any CPU.Build.0 = Release|Any CPU
		{8E505EB8-537C-4E1D-B6C6-4DB960955D74}.Debug|Any CPU.ActiveCfg = Debug|Any CPU
		{8E505EB8-537C-4E1D-B6C6-4DB960955D74}.Debug|Any CPU.Build.0 = Debug|Any CPU
		{8E505EB8-537C-4E1D-B6C6-4DB960955D74}.Release|Any CPU.ActiveCfg = Release|Any CPU
		{8E505EB8-537C-4E1D-B6C6-4DB960955D74}.Release|Any CPU.Build.0 = Release|Any CPU
	EndGlobalSection
	GlobalSection(SolutionProperties) = preSolution
		HideSolutionNode = FALSE
	EndGlobalSection
	GlobalSection(ExtensibilityGlobals) = postSolution
		SolutionGuid = {F844BE66-949D-4BD6-AFC4-ED2AD0C5CA5B}
	EndGlobalSection
EndGlobal
